// !$*UTF8*$!
{
	archiveVersion = 1;
	classes = {
	};
	objectVersion = 48;
	objects = {

/* Begin PBXBuildFile section */
		C1C044B7210FC0A100AD2651 /* AppDelegate.swift in Sources */ = {isa = PBXBuildFile; fileRef = C1C044B6210FC0A100AD2651 /* AppDelegate.swift */; };
		C1C044B9210FC0A100AD2651 /* ViewController.swift in Sources */ = {isa = PBXBuildFile; fileRef = C1C044B8210FC0A100AD2651 /* ViewController.swift */; };
		C1C044BC210FC0A100AD2651 /* Main.storyboard in Resources */ = {isa = PBXBuildFile; fileRef = C1C044BA210FC0A100AD2651 /* Main.storyboard */; };
		C1C044BE210FC0A100AD2651 /* Assets.xcassets in Resources */ = {isa = PBXBuildFile; fileRef = C1C044BD210FC0A100AD2651 /* Assets.xcassets */; };
		C1C044C1210FC0A100AD2651 /* LaunchScreen.storyboard in Resources */ = {isa = PBXBuildFile; fileRef = C1C044BF210FC0A100AD2651 /* LaunchScreen.storyboard */; };
		C1C044CC210FC0A100AD2651 /* TTRCalcTests.swift in Sources */ = {isa = PBXBuildFile; fileRef = C1C044CB210FC0A100AD2651 /* TTRCalcTests.swift */; };
		C1C044D7210FC0A100AD2651 /* TTRCalcUITests.swift in Sources */ = {isa = PBXBuildFile; fileRef = C1C044D6210FC0A100AD2651 /* TTRCalcUITests.swift */; };
/* End PBXBuildFile section */

/* Begin PBXContainerItemProxy section */
		C1C044C8210FC0A100AD2651 /* PBXContainerItemProxy */ = {
			isa = PBXContainerItemProxy;
			containerPortal = C1C044AB210FC0A100AD2651 /* Project object */;
			proxyType = 1;
			remoteGlobalIDString = C1C044B2210FC0A100AD2651;
			remoteInfo = TTRCalc;
		};
		C1C044D3210FC0A100AD2651 /* PBXContainerItemProxy */ = {
			isa = PBXContainerItemProxy;
			containerPortal = C1C044AB210FC0A100AD2651 /* Project object */;
			proxyType = 1;
			remoteGlobalIDString = C1C044B2210FC0A100AD2651;
			remoteInfo = TTRCalc;
		};
/* End PBXContainerItemProxy section */

/* Begin PBXFileReference section */
		C1C044B3210FC0A100AD2651 /* TTRCalc.app */ = {isa = PBXFileReference; explicitFileType = wrapper.application; includeInIndex = 0; path = TTRCalc.app; sourceTree = BUILT_PRODUCTS_DIR; };
		C1C044B6210FC0A100AD2651 /* AppDelegate.swift */ = {isa = PBXFileReference; lastKnownFileType = sourcecode.swift; path = AppDelegate.swift; sourceTree = "<group>"; };
		C1C044B8210FC0A100AD2651 /* ViewController.swift */ = {isa = PBXFileReference; lastKnownFileType = sourcecode.swift; path = ViewController.swift; sourceTree = "<group>"; };
		C1C044BB210FC0A100AD2651 /* Base */ = {isa = PBXFileReference; lastKnownFileType = file.storyboard; name = Base; path = Base.lproj/Main.storyboard; sourceTree = "<group>"; };
		C1C044BD210FC0A100AD2651 /* Assets.xcassets */ = {isa = PBXFileReference; lastKnownFileType = folder.assetcatalog; path = Assets.xcassets; sourceTree = "<group>"; };
		C1C044C0210FC0A100AD2651 /* Base */ = {isa = PBXFileReference; lastKnownFileType = file.storyboard; name = Base; path = Base.lproj/LaunchScreen.storyboard; sourceTree = "<group>"; };
		C1C044C2210FC0A100AD2651 /* Info.plist */ = {isa = PBXFileReference; lastKnownFileType = text.plist.xml; path = Info.plist; sourceTree = "<group>"; };
		C1C044C7210FC0A100AD2651 /* TTRCalcTests.xctest */ = {isa = PBXFileReference; explicitFileType = wrapper.cfbundle; includeInIndex = 0; path = TTRCalcTests.xctest; sourceTree = BUILT_PRODUCTS_DIR; };
		C1C044CB210FC0A100AD2651 /* TTRCalcTests.swift */ = {isa = PBXFileReference; lastKnownFileType = sourcecode.swift; path = TTRCalcTests.swift; sourceTree = "<group>"; };
		C1C044CD210FC0A100AD2651 /* Info.plist */ = {isa = PBXFileReference; lastKnownFileType = text.plist.xml; path = Info.plist; sourceTree = "<group>"; };
		C1C044D2210FC0A100AD2651 /* TTRCalcUITests.xctest */ = {isa = PBXFileReference; explicitFileType = wrapper.cfbundle; includeInIndex = 0; path = TTRCalcUITests.xctest; sourceTree = BUILT_PRODUCTS_DIR; };
		C1C044D6210FC0A100AD2651 /* TTRCalcUITests.swift */ = {isa = PBXFileReference; lastKnownFileType = sourcecode.swift; path = TTRCalcUITests.swift; sourceTree = "<group>"; };
		C1C044D8210FC0A100AD2651 /* Info.plist */ = {isa = PBXFileReference; lastKnownFileType = text.plist.xml; path = Info.plist; sourceTree = "<group>"; };
/* End PBXFileReference section */

/* Begin PBXFrameworksBuildPhase section */
		C1C044B0210FC0A100AD2651 /* Frameworks */ = {
			isa = PBXFrameworksBuildPhase;
			buildActionMask = 2147483647;
			files = (
			);
			runOnlyForDeploymentPostprocessing = 0;
		};
		C1C044C4210FC0A100AD2651 /* Frameworks */ = {
			isa = PBXFrameworksBuildPhase;
			buildActionMask = 2147483647;
			files = (
			);
			runOnlyForDeploymentPostprocessing = 0;
		};
		C1C044CF210FC0A100AD2651 /* Frameworks */ = {
			isa = PBXFrameworksBuildPhase;
			buildActionMask = 2147483647;
			files = (
			);
			runOnlyForDeploymentPostprocessing = 0;
		};
/* End PBXFrameworksBuildPhase section */

/* Begin PBXGroup section */
		C1C044AA210FC0A100AD2651 = {
			isa = PBXGroup;
			children = (
				C1C044B5210FC0A100AD2651 /* TTRCalc */,
				C1C044CA210FC0A100AD2651 /* TTRCalcTests */,
				C1C044D5210FC0A100AD2651 /* TTRCalcUITests */,
				C1C044B4210FC0A100AD2651 /* Products */,
			);
			sourceTree = "<group>";
		};
		C1C044B4210FC0A100AD2651 /* Products */ = {
			isa = PBXGroup;
			children = (
				C1C044B3210FC0A100AD2651 /* TTRCalc.app */,
				C1C044C7210FC0A100AD2651 /* TTRCalcTests.xctest */,
				C1C044D2210FC0A100AD2651 /* TTRCalcUITests.xctest */,
			);
			name = Products;
			sourceTree = "<group>";
		};
		C1C044B5210FC0A100AD2651 /* TTRCalc */ = {
			isa = PBXGroup;
			children = (
				C1C044B6210FC0A100AD2651 /* AppDelegate.swift */,
				C1C044B8210FC0A100AD2651 /* ViewController.swift */,
				C1C044BA210FC0A100AD2651 /* Main.storyboard */,
				C1C044BD210FC0A100AD2651 /* Assets.xcassets */,
				C1C044BF210FC0A100AD2651 /* LaunchScreen.storyboard */,
				C1C044C2210FC0A100AD2651 /* Info.plist */,
			);
			path = TTRCalc;
			sourceTree = "<group>";
		};
		C1C044CA210FC0A100AD2651 /* TTRCalcTests */ = {
			isa = PBXGroup;
			children = (
				C1C044CB210FC0A100AD2651 /* TTRCalcTests.swift */,
				C1C044CD210FC0A100AD2651 /* Info.plist */,
			);
			path = TTRCalcTests;
			sourceTree = "<group>";
		};
		C1C044D5210FC0A100AD2651 /* TTRCalcUITests */ = {
			isa = PBXGroup;
			children = (
				C1C044D6210FC0A100AD2651 /* TTRCalcUITests.swift */,
				C1C044D8210FC0A100AD2651 /* Info.plist */,
			);
			path = TTRCalcUITests;
			sourceTree = "<group>";
		};
/* End PBXGroup section */

/* Begin PBXNativeTarget section */
		C1C044B2210FC0A100AD2651 /* TTRCalc */ = {
			isa = PBXNativeTarget;
			buildConfigurationList = C1C044DB210FC0A100AD2651 /* Build configuration list for PBXNativeTarget "TTRCalc" */;
			buildPhases = (
				C1C044AF210FC0A100AD2651 /* Sources */,
				C1C044B0210FC0A100AD2651 /* Frameworks */,
				C1C044B1210FC0A100AD2651 /* Resources */,
			);
			buildRules = (
			);
			dependencies = (
			);
			name = TTRCalc;
			productName = TTRCalc;
			productReference = C1C044B3210FC0A100AD2651 /* TTRCalc.app */;
			productType = "com.apple.product-type.application";
		};
		C1C044C6210FC0A100AD2651 /* TTRCalcTests */ = {
			isa = PBXNativeTarget;
			buildConfigurationList = C1C044DE210FC0A100AD2651 /* Build configuration list for PBXNativeTarget "TTRCalcTests" */;
			buildPhases = (
				C1C044C3210FC0A100AD2651 /* Sources */,
				C1C044C4210FC0A100AD2651 /* Frameworks */,
				C1C044C5210FC0A100AD2651 /* Resources */,
			);
			buildRules = (
			);
			dependencies = (
				C1C044C9210FC0A100AD2651 /* PBXTargetDependency */,
			);
			name = TTRCalcTests;
			productName = TTRCalcTests;
			productReference = C1C044C7210FC0A100AD2651 /* TTRCalcTests.xctest */;
			productType = "com.apple.product-type.bundle.unit-test";
		};
		C1C044D1210FC0A100AD2651 /* TTRCalcUITests */ = {
			isa = PBXNativeTarget;
			buildConfigurationList = C1C044E1210FC0A100AD2651 /* Build configuration list for PBXNativeTarget "TTRCalcUITests" */;
			buildPhases = (
				C1C044CE210FC0A100AD2651 /* Sources */,
				C1C044CF210FC0A100AD2651 /* Frameworks */,
				C1C044D0210FC0A100AD2651 /* Resources */,
			);
			buildRules = (
			);
			dependencies = (
				C1C044D4210FC0A100AD2651 /* PBXTargetDependency */,
			);
			name = TTRCalcUITests;
			productName = TTRCalcUITests;
			productReference = C1C044D2210FC0A100AD2651 /* TTRCalcUITests.xctest */;
			productType = "com.apple.product-type.bundle.ui-testing";
		};
/* End PBXNativeTarget section */

/* Begin PBXProject section */
		C1C044AB210FC0A100AD2651 /* Project object */ = {
			isa = PBXProject;
			attributes = {
				LastSwiftUpdateCheck = 0920;
				LastUpgradeCheck = 0920;
				ORGANIZATIONNAME = "Nick Ni";
				TargetAttributes = {
					C1C044B2210FC0A100AD2651 = {
						CreatedOnToolsVersion = 9.2;
						ProvisioningStyle = Automatic;
					};
					C1C044C6210FC0A100AD2651 = {
						CreatedOnToolsVersion = 9.2;
						ProvisioningStyle = Automatic;
						TestTargetID = C1C044B2210FC0A100AD2651;
					};
					C1C044D1210FC0A100AD2651 = {
						CreatedOnToolsVersion = 9.2;
						ProvisioningStyle = Automatic;
						TestTargetID = C1C044B2210FC0A100AD2651;
					};
				};
			};
			buildConfigurationList = C1C044AE210FC0A100AD2651 /* Build configuration list for PBXProject "TTRCalc" */;
			compatibilityVersion = "Xcode 8.0";
			developmentRegion = en;
			hasScannedForEncodings = 0;
			knownRegions = (
				en,
				Base,
			);
			mainGroup = C1C044AA210FC0A100AD2651;
			productRefGroup = C1C044B4210FC0A100AD2651 /* Products */;
			projectDirPath = "";
			projectRoot = "";
			targets = (
				C1C044B2210FC0A100AD2651 /* TTRCalc */,
				C1C044C6210FC0A100AD2651 /* TTRCalcTests */,
				C1C044D1210FC0A100AD2651 /* TTRCalcUITests */,
			);
		};
/* End PBXProject section */

/* Begin PBXResourcesBuildPhase section */
		C1C044B1210FC0A100AD2651 /* Resources */ = {
			isa = PBXResourcesBuildPhase;
			buildActionMask = 2147483647;
			files = (
				C1C044C1210FC0A100AD2651 /* LaunchScreen.storyboard in Resources */,
				C1C044BE210FC0A100AD2651 /* Assets.xcassets in Resources */,
				C1C044BC210FC0A100AD2651 /* Main.storyboard in Resources */,
			);
			runOnlyForDeploymentPostprocessing = 0;
		};
		C1C044C5210FC0A100AD2651 /* Resources */ = {
			isa = PBXResourcesBuildPhase;
			buildActionMask = 2147483647;
			files = (
			);
			runOnlyForDeploymentPostprocessing = 0;
		};
		C1C044D0210FC0A100AD2651 /* Resources */ = {
			isa = PBXResourcesBuildPhase;
			buildActionMask = 2147483647;
			files = (
			);
			runOnlyForDeploymentPostprocessing = 0;
		};
/* End PBXResourcesBuildPhase section */

/* Begin PBXSourcesBuildPhase section */
		C1C044AF210FC0A100AD2651 /* Sources */ = {
			isa = PBXSourcesBuildPhase;
			buildActionMask = 2147483647;
			files = (
				C1C044B9210FC0A100AD2651 /* ViewController.swift in Sources */,
				C1C044B7210FC0A100AD2651 /* AppDelegate.swift in Sources */,
			);
			runOnlyForDeploymentPostprocessing = 0;
		};
		C1C044C3210FC0A100AD2651 /* Sources */ = {
			isa = PBXSourcesBuildPhase;
			buildActionMask = 2147483647;
			files = (
				C1C044CC210FC0A100AD2651 /* TTRCalcTests.swift in Sources */,
			);
			runOnlyForDeploymentPostprocessing = 0;
		};
		C1C044CE210FC0A100AD2651 /* Sources */ = {
			isa = PBXSourcesBuildPhase;
			buildActionMask = 2147483647;
			files = (
				C1C044D7210FC0A100AD2651 /* TTRCalcUITests.swift in Sources */,
			);
			runOnlyForDeploymentPostprocessing = 0;
		};
/* End PBXSourcesBuildPhase section */

/* Begin PBXTargetDependency section */
		C1C044C9210FC0A100AD2651 /* PBXTargetDependency */ = {
			isa = PBXTargetDependency;
			target = C1C044B2210FC0A100AD2651 /* TTRCalc */;
			targetProxy = C1C044C8210FC0A100AD2651 /* PBXContainerItemProxy */;
		};
		C1C044D4210FC0A100AD2651 /* PBXTargetDependency */ = {
			isa = PBXTargetDependency;
			target = C1C044B2210FC0A100AD2651 /* TTRCalc */;
			targetProxy = C1C044D3210FC0A100AD2651 /* PBXContainerItemProxy */;
		};
/* End PBXTargetDependency section */

/* Begin PBXVariantGroup section */
		C1C044BA210FC0A100AD2651 /* Main.storyboard */ = {
			isa = PBXVariantGroup;
			children = (
				C1C044BB210FC0A100AD2651 /* Base */,
			);
			name = Main.storyboard;
			sourceTree = "<group>";
		};
		C1C044BF210FC0A100AD2651 /* LaunchScreen.storyboard */ = {
			isa = PBXVariantGroup;
			children = (
				C1C044C0210FC0A100AD2651 /* Base */,
			);
			name = LaunchScreen.storyboard;
			sourceTree = "<group>";
		};
/* End PBXVariantGroup section */

/* Begin XCBuildConfiguration section */
		C1C044D9210FC0A100AD2651 /* Debug */ = {
			isa = XCBuildConfiguration;
			buildSettings = {
				ALWAYS_SEARCH_USER_PATHS = NO;
				CLANG_ANALYZER_NONNULL = YES;
				CLANG_ANALYZER_NUMBER_OBJECT_CONVERSION = YES_AGGRESSIVE;
				CLANG_CXX_LANGUAGE_STANDARD = "gnu++14";
				CLANG_CXX_LIBRARY = "libc++";
				CLANG_ENABLE_MODULES = YES;
				CLANG_ENABLE_OBJC_ARC = YES;
				CLANG_WARN_BLOCK_CAPTURE_AUTORELEASING = YES;
				CLANG_WARN_BOOL_CONVERSION = YES;
				CLANG_WARN_COMMA = YES;
				CLANG_WARN_CONSTANT_CONVERSION = YES;
				CLANG_WARN_DIRECT_OBJC_ISA_USAGE = YES_ERROR;
				CLANG_WARN_DOCUMENTATION_COMMENTS = YES;
				CLANG_WARN_EMPTY_BODY = YES;
				CLANG_WARN_ENUM_CONVERSION = YES;
				CLANG_WARN_INFINITE_RECURSION = YES;
				CLANG_WARN_INT_CONVERSION = YES;
				CLANG_WARN_NON_LITERAL_NULL_CONVERSION = YES;
				CLANG_WARN_OBJC_LITERAL_CONVERSION = YES;
				CLANG_WARN_OBJC_ROOT_CLASS = YES_ERROR;
				CLANG_WARN_RANGE_LOOP_ANALYSIS = YES;
				CLANG_WARN_STRICT_PROTOTYPES = YES;
				CLANG_WARN_SUSPICIOUS_MOVE = YES;
				CLANG_WARN_UNGUARDED_AVAILABILITY = YES_AGGRESSIVE;
				CLANG_WARN_UNREACHABLE_CODE = YES;
				CLANG_WARN__DUPLICATE_METHOD_MATCH = YES;
				CODE_SIGN_IDENTITY = "iPhone Developer";
				COPY_PHASE_STRIP = NO;
				DEBUG_INFORMATION_FORMAT = dwarf;
				ENABLE_STRICT_OBJC_MSGSEND = YES;
				ENABLE_TESTABILITY = YES;
				GCC_C_LANGUAGE_STANDARD = gnu11;
				GCC_DYNAMIC_NO_PIC = NO;
				GCC_NO_COMMON_BLOCKS = YES;
				GCC_OPTIMIZATION_LEVEL = 0;
				GCC_PREPROCESSOR_DEFINITIONS = (
					"DEBUG=1",
					"$(inherited)",
				);
				GCC_WARN_64_TO_32_BIT_CONVERSION = YES;
				GCC_WARN_ABOUT_RETURN_TYPE = YES_ERROR;
				GCC_WARN_UNDECLARED_SELECTOR = YES;
				GCC_WARN_UNINITIALIZED_AUTOS = YES_AGGRESSIVE;
				GCC_WARN_UNUSED_FUNCTION = YES;
				GCC_WARN_UNUSED_VARIABLE = YES;
				IPHONEOS_DEPLOYMENT_TARGET = 11.2;
				MTL_ENABLE_DEBUG_INFO = YES;
				ONLY_ACTIVE_ARCH = YES;
				SDKROOT = iphoneos;
				SWIFT_ACTIVE_COMPILATION_CONDITIONS = DEBUG;
				SWIFT_OPTIMIZATION_LEVEL = "-Onone";
			};
			name = Debug;
		};
		C1C044DA210FC0A100AD2651 /* Release */ = {
			isa = XCBuildConfiguration;
			buildSettings = {
				ALWAYS_SEARCH_USER_PATHS = NO;
				CLANG_ANALYZER_NONNULL = YES;
				CLANG_ANALYZER_NUMBER_OBJECT_CONVERSION = YES_AGGRESSIVE;
				CLANG_CXX_LANGUAGE_STANDARD = "gnu++14";
				CLANG_CXX_LIBRARY = "libc++";
				CLANG_ENABLE_MODULES = YES;
				CLANG_ENABLE_OBJC_ARC = YES;
				CLANG_WARN_BLOCK_CAPTURE_AUTORELEASING = YES;
				CLANG_WARN_BOOL_CONVERSION = YES;
				CLANG_WARN_COMMA = YES;
				CLANG_WARN_CONSTANT_CONVERSION = YES;
				CLANG_WARN_DIRECT_OBJC_ISA_USAGE = YES_ERROR;
				CLANG_WARN_DOCUMENTATION_COMMENTS = YES;
				CLANG_WARN_EMPTY_BODY = YES;
				CLANG_WARN_ENUM_CONVERSION = YES;
				CLANG_WARN_INFINITE_RECURSION = YES;
				CLANG_WARN_INT_CONVERSION = YES;
				CLANG_WARN_NON_LITERAL_NULL_CONVERSION = YES;
				CLANG_WARN_OBJC_LITERAL_CONVERSION = YES;
				CLANG_WARN_OBJC_ROOT_CLASS = YES_ERROR;
				CLANG_WARN_RANGE_LOOP_ANALYSIS = YES;
				CLANG_WARN_STRICT_PROTOTYPES = YES;
				CLANG_WARN_SUSPICIOUS_MOVE = YES;
				CLANG_WARN_UNGUARDED_AVAILABILITY = YES_AGGRESSIVE;
				CLANG_WARN_UNREACHABLE_CODE = YES;
				CLANG_WARN__DUPLICATE_METHOD_MATCH = YES;
				CODE_SIGN_IDENTITY = "iPhone Developer";
				COPY_PHASE_STRIP = NO;
				DEBUG_INFORMATION_FORMAT = "dwarf-with-dsym";
				ENABLE_NS_ASSERTIONS = NO;
				ENABLE_STRICT_OBJC_MSGSEND = YES;
				GCC_C_LANGUAGE_STANDARD = gnu11;
				GCC_NO_COMMON_BLOCKS = YES;
				GCC_WARN_64_TO_32_BIT_CONVERSION = YES;
				GCC_WARN_ABOUT_RETURN_TYPE = YES_ERROR;
				GCC_WARN_UNDECLARED_SELECTOR = YES;
				GCC_WARN_UNINITIALIZED_AUTOS = YES_AGGRESSIVE;
				GCC_WARN_UNUSED_FUNCTION = YES;
				GCC_WARN_UNUSED_VARIABLE = YES;
				IPHONEOS_DEPLOYMENT_TARGET = 11.2;
				MTL_ENABLE_DEBUG_INFO = NO;
				SDKROOT = iphoneos;
				SWIFT_OPTIMIZATION_LEVEL = "-Owholemodule";
				VALIDATE_PRODUCT = YES;
			};
			name = Release;
		};
		C1C044DC210FC0A100AD2651 /* Debug */ = {
			isa = XCBuildConfiguration;
			buildSettings = {
				ASSETCATALOG_COMPILER_APPICON_NAME = AppIcon;
				CODE_SIGN_STYLE = Automatic;
				INFOPLIST_FILE = TTRCalc/Info.plist;
				LD_RUNPATH_SEARCH_PATHS = "$(inherited) @executable_path/Frameworks";
				PRODUCT_BUNDLE_IDENTIFIER = fmn.TTRCalc;
				PRODUCT_NAME = "$(TARGET_NAME)";
				SWIFT_VERSION = 4.0;
				TARGETED_DEVICE_FAMILY = "1,2";
			};
			name = Debug;
		};
		C1C044DD210FC0A100AD2651 /* Release */ = {
			isa = XCBuildConfiguration;
			buildSettings = {
				ASSETCATALOG_COMPILER_APPICON_NAME = AppIcon;
				CODE_SIGN_STYLE = Automatic;
				INFOPLIST_FILE = TTRCalc/Info.plist;
				LD_RUNPATH_SEARCH_PATHS = "$(inherited) @executable_path/Frameworks";
				PRODUCT_BUNDLE_IDENTIFIER = fmn.TTRCalc;
				PRODUCT_NAME = "$(TARGET_NAME)";
				SWIFT_VERSION = 4.0;
				TARGETED_DEVICE_FAMILY = "1,2";
			};
			name = Release;
		};
		C1C044DF210FC0A100AD2651 /* Debug */ = {
			isa = XCBuildConfiguration;
			buildSettings = {
				ALWAYS_EMBED_SWIFT_STANDARD_LIBRARIES = YES;
				BUNDLE_LOADER = "$(TEST_HOST)";
				CODE_SIGN_STYLE = Automatic;
				INFOPLIST_FILE = TTRCalcTests/Info.plist;
				LD_RUNPATH_SEARCH_PATHS = "$(inherited) @executable_path/Frameworks @loader_path/Frameworks";
				PRODUCT_BUNDLE_IDENTIFIER = fmn.TTRCalcTests;
				PRODUCT_NAME = "$(TARGET_NAME)";
				SWIFT_VERSION = 4.0;
				TARGETED_DEVICE_FAMILY = "1,2";
				TEST_HOST = "$(BUILT_PRODUCTS_DIR)/TTRCalc.app/TTRCalc";
			};
			name = Debug;
		};
		C1C044E0210FC0A100AD2651 /* Release */ = {
			isa = XCBuildConfiguration;
			buildSettings = {
				ALWAYS_EMBED_SWIFT_STANDARD_LIBRARIES = YES;
				BUNDLE_LOADER = "$(TEST_HOST)";
				CODE_SIGN_STYLE = Automatic;
				INFOPLIST_FILE = TTRCalcTests/Info.plist;
				LD_RUNPATH_SEARCH_PATHS = "$(inherited) @executable_path/Frameworks @loader_path/Frameworks";
				PRODUCT_BUNDLE_IDENTIFIER = fmn.TTRCalcTests;
				PRODUCT_NAME = "$(TARGET_NAME)";
				SWIFT_VERSION = 4.0;
				TARGETED_DEVICE_FAMILY = "1,2";
				TEST_HOST = "$(BUILT_PRODUCTS_DIR)/TTRCalc.app/TTRCalc";
			};
			name = Release;
		};
		C1C044E2210FC0A100AD2651 /* Debug */ = {
			isa = XCBuildConfiguration;
			buildSettings = {
				ALWAYS_EMBED_SWIFT_STANDARD_LIBRARIES = YES;
				CODE_SIGN_STYLE = Automatic;
				INFOPLIST_FILE = TTRCalcUITests/Info.plist;
				LD_RUNPATH_SEARCH_PATHS = "$(inherited) @executable_path/Frameworks @loader_path/Frameworks";
				PRODUCT_BUNDLE_IDENTIFIER = fmn.TTRCalcUITests;
				PRODUCT_NAME = "$(TARGET_NAME)";
				SWIFT_VERSION = 4.0;
				TARGETED_DEVICE_FAMILY = "1,2";
				TEST_TARGET_NAME = TTRCalc;
			};
			name = Debug;
		};
		C1C044E3210FC0A100AD2651 /* Release */ = {
			isa = XCBuildConfiguration;
			buildSettings = {
				ALWAYS_EMBED_SWIFT_STANDARD_LIBRARIES = YES;
				CODE_SIGN_STYLE = Automatic;
				INFOPLIST_FILE = TTRCalcUITests/Info.plist;
				LD_RUNPATH_SEARCH_PATHS = "$(inherited) @executable_path/Frameworks @loader_path/Frameworks";
				PRODUCT_BUNDLE_IDENTIFIER = fmn.TTRCalcUITests;
				PRODUCT_NAME = "$(TARGET_NAME)";
				SWIFT_VERSION = 4.0;
				TARGETED_DEVICE_FAMILY = "1,2";
				TEST_TARGET_NAME = TTRCalc;
			};
			name = Release;
		};
/* End XCBuildConfiguration section */

/* Begin XCConfigurationList section */
		C1C044AE210FC0A100AD2651 /* Build configuration list for PBXProject "TTRCalc" */ = {
			isa = XCConfigurationList;
			buildConfigurations = (
				C1C044D9210FC0A100AD2651 /* Debug */,
				C1C044DA210FC0A100AD2651 /* Release */,
			);
			defaultConfigurationIsVisible = 0;
			defaultConfigurationName = Release;
		};
		C1C044DB210FC0A100AD2651 /* Build configuration list for PBXNativeTarget "TTRCalc" */ = {
			isa = XCConfigurationList;
			buildConfigurations = (
				C1C044DC210FC0A100AD2651 /* Debug */,
				C1C044DD210FC0A100AD2651 /* Release */,
			);
			defaultConfigurationIsVisible = 0;
			defaultConfigurationName = Release;
		};
		C1C044DE210FC0A100AD2651 /* Build configuration list for PBXNativeTarget "TTRCalcTests" */ = {
			isa = XCConfigurationList;
			buildConfigurations = (
				C1C044DF210FC0A100AD2651 /* Debug */,
				C1C044E0210FC0A100AD2651 /* Release */,
			);
			defaultConfigurationIsVisible = 0;
			defaultConfigurationName = Release;
		};
		C1C044E1210FC0A100AD2651 /* Build configuration list for PBXNativeTarget "TTRCalcUITests" */ = {
			isa = XCConfigurationList;
			buildConfigurations = (
				C1C044E2210FC0A100AD2651 /* Debug */,
				C1C044E3210FC0A100AD2651 /* Release */,
			);
			defaultConfigurationIsVisible = 0;
			defaultConfigurationName = Release;
		};
/* End XCConfigurationList section */
	};
	rootObject = C1C044AB210FC0A100AD2651 /* Project object */;
}
